{
  "name": "aoc",
  "lockfileVersion": 3,
  "requires": true,
  "packages": {
    "": {
      "dependencies": {
        "clonedeep": "^2.0.0"
      }
    },
    "node_modules/clonedeep": {
      "version": "2.0.0",
      "resolved": "https://registry.npmjs.org/clonedeep/-/clonedeep-2.0.0.tgz",
      "integrity": "sha512-dbSwE7z2tJhF3511dzWqyKOKRA+5uQaILERDdQPxe/Eihm3atnkJRaz/t32fQqfmPBdJiICZD9iLSbaT47UbLw==",
      "license": "MIT"
    }
  }
}
